// !$*UTF8*$!
{
	archiveVersion = 1;
	classes = {
	};
	objectVersion = 50;
	objects = {

/* Begin PBXBuildFile section */
		5E45C98523601BBB000F9C5A /* AppDelegate.swift in Sources */ = {isa = PBXBuildFile; fileRef = 5E45C98423601BBB000F9C5A /* AppDelegate.swift */; };
		5E45C98723601BBB000F9C5A /* ViewController.swift in Sources */ = {isa = PBXBuildFile; fileRef = 5E45C98623601BBB000F9C5A /* ViewController.swift */; };
		5E45C98A23601BBB000F9C5A /* Main.storyboard in Resources */ = {isa = PBXBuildFile; fileRef = 5E45C98823601BBB000F9C5A /* Main.storyboard */; };
		5E45C98C23601BBC000F9C5A /* Assets.xcassets in Resources */ = {isa = PBXBuildFile; fileRef = 5E45C98B23601BBC000F9C5A /* Assets.xcassets */; };
		5E45C98F23601BBC000F9C5A /* LaunchScreen.storyboard in Resources */ = {isa = PBXBuildFile; fileRef = 5E45C98D23601BBC000F9C5A /* LaunchScreen.storyboard */; };
		5E45C99A23601BBC000F9C5A /* ghactions_testTests.swift in Sources */ = {isa = PBXBuildFile; fileRef = 5E45C99923601BBC000F9C5A /* ghactions_testTests.swift */; };
		5E45C9A523601BBC000F9C5A /* ghactions_testUITests.swift in Sources */ = {isa = PBXBuildFile; fileRef = 5E45C9A423601BBC000F9C5A /* ghactions_testUITests.swift */; };
/* End PBXBuildFile section */

/* Begin PBXContainerItemProxy section */
		5E45C99623601BBC000F9C5A /* PBXContainerItemProxy */ = {
			isa = PBXContainerItemProxy;
			containerPortal = 5E45C97923601BBB000F9C5A /* Project object */;
			proxyType = 1;
			remoteGlobalIDString = 5E45C98023601BBB000F9C5A;
			remoteInfo = "ghactions-test";
		};
		5E45C9A123601BBC000F9C5A /* PBXContainerItemProxy */ = {
			isa = PBXContainerItemProxy;
			containerPortal = 5E45C97923601BBB000F9C5A /* Project object */;
			proxyType = 1;
			remoteGlobalIDString = 5E45C98023601BBB000F9C5A;
			remoteInfo = "ghactions-test";
		};
/* End PBXContainerItemProxy section */

/* Begin PBXFileReference section */
		5E45C98123601BBB000F9C5A /* ghactions-test.app */ = {isa = PBXFileReference; explicitFileType = wrapper.application; includeInIndex = 0; path = "ghactions-test.app"; sourceTree = BUILT_PRODUCTS_DIR; };
		5E45C98423601BBB000F9C5A /* AppDelegate.swift */ = {isa = PBXFileReference; lastKnownFileType = sourcecode.swift; path = AppDelegate.swift; sourceTree = "<group>"; };
		5E45C98623601BBB000F9C5A /* ViewController.swift */ = {isa = PBXFileReference; lastKnownFileType = sourcecode.swift; path = ViewController.swift; sourceTree = "<group>"; };
		5E45C98923601BBB000F9C5A /* Base */ = {isa = PBXFileReference; lastKnownFileType = file.storyboard; name = Base; path = Base.lproj/Main.storyboard; sourceTree = "<group>"; };
		5E45C98B23601BBC000F9C5A /* Assets.xcassets */ = {isa = PBXFileReference; lastKnownFileType = folder.assetcatalog; path = Assets.xcassets; sourceTree = "<group>"; };
		5E45C98E23601BBC000F9C5A /* Base */ = {isa = PBXFileReference; lastKnownFileType = file.storyboard; name = Base; path = Base.lproj/LaunchScreen.storyboard; sourceTree = "<group>"; };
		5E45C99023601BBC000F9C5A /* Info.plist */ = {isa = PBXFileReference; lastKnownFileType = text.plist.xml; path = Info.plist; sourceTree = "<group>"; };
		5E45C99523601BBC000F9C5A /* ghactions-testTests.xctest */ = {isa = PBXFileReference; explicitFileType = wrapper.cfbundle; includeInIndex = 0; path = "ghactions-testTests.xctest"; sourceTree = BUILT_PRODUCTS_DIR; };
		5E45C99923601BBC000F9C5A /* ghactions_testTests.swift */ = {isa = PBXFileReference; lastKnownFileType = sourcecode.swift; path = ghactions_testTests.swift; sourceTree = "<group>"; };
		5E45C99B23601BBC000F9C5A /* Info.plist */ = {isa = PBXFileReference; lastKnownFileType = text.plist.xml; path = Info.plist; sourceTree = "<group>"; };
		5E45C9A023601BBC000F9C5A /* ghactions-testUITests.xctest */ = {isa = PBXFileReference; explicitFileType = wrapper.cfbundle; includeInIndex = 0; path = "ghactions-testUITests.xctest"; sourceTree = BUILT_PRODUCTS_DIR; };
		5E45C9A423601BBC000F9C5A /* ghactions_testUITests.swift */ = {isa = PBXFileReference; lastKnownFileType = sourcecode.swift; path = ghactions_testUITests.swift; sourceTree = "<group>"; };
		5E45C9A623601BBC000F9C5A /* Info.plist */ = {isa = PBXFileReference; lastKnownFileType = text.plist.xml; path = Info.plist; sourceTree = "<group>"; };
/* End PBXFileReference section */

/* Begin PBXFrameworksBuildPhase section */
		5E45C97E23601BBB000F9C5A /* Frameworks */ = {
			isa = PBXFrameworksBuildPhase;
			buildActionMask = 2147483647;
			files = (
			);
			runOnlyForDeploymentPostprocessing = 0;
		};
		5E45C99223601BBC000F9C5A /* Frameworks */ = {
			isa = PBXFrameworksBuildPhase;
			buildActionMask = 2147483647;
			files = (
			);
			runOnlyForDeploymentPostprocessing = 0;
		};
		5E45C99D23601BBC000F9C5A /* Frameworks */ = {
			isa = PBXFrameworksBuildPhase;
			buildActionMask = 2147483647;
			files = (
			);
			runOnlyForDeploymentPostprocessing = 0;
		};
/* End PBXFrameworksBuildPhase section */

/* Begin PBXGroup section */
		5E45C97823601BBB000F9C5A = {
			isa = PBXGroup;
			children = (
				5E45C98323601BBB000F9C5A /* ghactions-test */,
				5E45C99823601BBC000F9C5A /* ghactions-testTests */,
				5E45C9A323601BBC000F9C5A /* ghactions-testUITests */,
				5E45C98223601BBB000F9C5A /* Products */,
			);
			sourceTree = "<group>";
		};
		5E45C98223601BBB000F9C5A /* Products */ = {
			isa = PBXGroup;
			children = (
				5E45C98123601BBB000F9C5A /* ghactions-test.app */,
				5E45C99523601BBC000F9C5A /* ghactions-testTests.xctest */,
				5E45C9A023601BBC000F9C5A /* ghactions-testUITests.xctest */,
			);
			name = Products;
			sourceTree = "<group>";
		};
		5E45C98323601BBB000F9C5A /* ghactions-test */ = {
			isa = PBXGroup;
			children = (
				5E45C98423601BBB000F9C5A /* AppDelegate.swift */,
				5E45C98623601BBB000F9C5A /* ViewController.swift */,
				5E45C98823601BBB000F9C5A /* Main.storyboard */,
				5E45C98B23601BBC000F9C5A /* Assets.xcassets */,
				5E45C98D23601BBC000F9C5A /* LaunchScreen.storyboard */,
				5E45C99023601BBC000F9C5A /* Info.plist */,
			);
			path = "ghactions-test";
			sourceTree = "<group>";
		};
		5E45C99823601BBC000F9C5A /* ghactions-testTests */ = {
			isa = PBXGroup;
			children = (
				5E45C99923601BBC000F9C5A /* ghactions_testTests.swift */,
				5E45C99B23601BBC000F9C5A /* Info.plist */,
			);
			path = "ghactions-testTests";
			sourceTree = "<group>";
		};
		5E45C9A323601BBC000F9C5A /* ghactions-testUITests */ = {
			isa = PBXGroup;
			children = (
				5E45C9A423601BBC000F9C5A /* ghactions_testUITests.swift */,
				5E45C9A623601BBC000F9C5A /* Info.plist */,
			);
			path = "ghactions-testUITests";
			sourceTree = "<group>";
		};
/* End PBXGroup section */

/* Begin PBXNativeTarget section */
		5E45C98023601BBB000F9C5A /* ghactions-test */ = {
			isa = PBXNativeTarget;
			buildConfigurationList = 5E45C9A923601BBC000F9C5A /* Build configuration list for PBXNativeTarget "ghactions-test" */;
			buildPhases = (
				5E45C97D23601BBB000F9C5A /* Sources */,
				5E45C97E23601BBB000F9C5A /* Frameworks */,
				5E45C97F23601BBB000F9C5A /* Resources */,
			);
			buildRules = (
			);
			dependencies = (
			);
			name = "ghactions-test";
			productName = "ghactions-test";
			productReference = 5E45C98123601BBB000F9C5A /* ghactions-test.app */;
			productType = "com.apple.product-type.application";
		};
		5E45C99423601BBC000F9C5A /* ghactions-testTests */ = {
			isa = PBXNativeTarget;
			buildConfigurationList = 5E45C9AC23601BBC000F9C5A /* Build configuration list for PBXNativeTarget "ghactions-testTests" */;
			buildPhases = (
				5E45C99123601BBC000F9C5A /* Sources */,
				5E45C99223601BBC000F9C5A /* Frameworks */,
				5E45C99323601BBC000F9C5A /* Resources */,
			);
			buildRules = (
			);
			dependencies = (
				5E45C99723601BBC000F9C5A /* PBXTargetDependency */,
			);
			name = "ghactions-testTests";
			productName = "ghactions-testTests";
			productReference = 5E45C99523601BBC000F9C5A /* ghactions-testTests.xctest */;
			productType = "com.apple.product-type.bundle.unit-test";
		};
		5E45C99F23601BBC000F9C5A /* ghactions-testUITests */ = {
			isa = PBXNativeTarget;
			buildConfigurationList = 5E45C9AF23601BBC000F9C5A /* Build configuration list for PBXNativeTarget "ghactions-testUITests" */;
			buildPhases = (
				5E45C99C23601BBC000F9C5A /* Sources */,
				5E45C99D23601BBC000F9C5A /* Frameworks */,
				5E45C99E23601BBC000F9C5A /* Resources */,
			);
			buildRules = (
			);
			dependencies = (
				5E45C9A223601BBC000F9C5A /* PBXTargetDependency */,
			);
			name = "ghactions-testUITests";
			productName = "ghactions-testUITests";
			productReference = 5E45C9A023601BBC000F9C5A /* ghactions-testUITests.xctest */;
			productType = "com.apple.product-type.bundle.ui-testing";
		};
/* End PBXNativeTarget section */

/* Begin PBXProject section */
		5E45C97923601BBB000F9C5A /* Project object */ = {
			isa = PBXProject;
			attributes = {
				LastSwiftUpdateCheck = 1010;
				LastUpgradeCheck = 1010;
				ORGANIZATIONNAME = krtx;
				TargetAttributes = {
					5E45C98023601BBB000F9C5A = {
						CreatedOnToolsVersion = 10.1;
					};
					5E45C99423601BBC000F9C5A = {
						CreatedOnToolsVersion = 10.1;
						TestTargetID = 5E45C98023601BBB000F9C5A;
					};
					5E45C99F23601BBC000F9C5A = {
						CreatedOnToolsVersion = 10.1;
						TestTargetID = 5E45C98023601BBB000F9C5A;
					};
				};
			};
			buildConfigurationList = 5E45C97C23601BBB000F9C5A /* Build configuration list for PBXProject "ghactions-test" */;
			compatibilityVersion = "Xcode 9.3";
			developmentRegion = en;
			hasScannedForEncodings = 0;
			knownRegions = (
				en,
				Base,
			);
			mainGroup = 5E45C97823601BBB000F9C5A;
			productRefGroup = 5E45C98223601BBB000F9C5A /* Products */;
			projectDirPath = "";
			projectRoot = "";
			targets = (
				5E45C98023601BBB000F9C5A /* ghactions-test */,
				5E45C99423601BBC000F9C5A /* ghactions-testTests */,
				5E45C99F23601BBC000F9C5A /* ghactions-testUITests */,
			);
		};
/* End PBXProject section */

/* Begin PBXResourcesBuildPhase section */
		5E45C97F23601BBB000F9C5A /* Resources */ = {
			isa = PBXResourcesBuildPhase;
			buildActionMask = 2147483647;
			files = (
				5E45C98F23601BBC000F9C5A /* LaunchScreen.storyboard in Resources */,
				5E45C98C23601BBC000F9C5A /* Assets.xcassets in Resources */,
				5E45C98A23601BBB000F9C5A /* Main.storyboard in Resources */,
			);
			runOnlyForDeploymentPostprocessing = 0;
		};
		5E45C99323601BBC000F9C5A /* Resources */ = {
			isa = PBXResourcesBuildPhase;
			buildActionMask = 2147483647;
			files = (
			);
			runOnlyForDeploymentPostprocessing = 0;
		};
		5E45C99E23601BBC000F9C5A /* Resources */ = {
			isa = PBXResourcesBuildPhase;
			buildActionMask = 2147483647;
			files = (
			);
			runOnlyForDeploymentPostprocessing = 0;
		};
/* End PBXResourcesBuildPhase section */

/* Begin PBXSourcesBuildPhase section */
		5E45C97D23601BBB000F9C5A /* Sources */ = {
			isa = PBXSourcesBuildPhase;
			buildActionMask = 2147483647;
			files = (
				5E45C98723601BBB000F9C5A /* ViewController.swift in Sources */,
				5E45C98523601BBB000F9C5A /* AppDelegate.swift in Sources */,
			);
			runOnlyForDeploymentPostprocessing = 0;
		};
		5E45C99123601BBC000F9C5A /* Sources */ = {
			isa = PBXSourcesBuildPhase;
			buildActionMask = 2147483647;
			files = (
				5E45C99A23601BBC000F9C5A /* ghactions_testTests.swift in Sources */,
			);
			runOnlyForDeploymentPostprocessing = 0;
		};
		5E45C99C23601BBC000F9C5A /* Sources */ = {
			isa = PBXSourcesBuildPhase;
			buildActionMask = 2147483647;
			files = (
				5E45C9A523601BBC000F9C5A /* ghactions_testUITests.swift in Sources */,
			);
			runOnlyForDeploymentPostprocessing = 0;
		};
/* End PBXSourcesBuildPhase section */

/* Begin PBXTargetDependency section */
		5E45C99723601BBC000F9C5A /* PBXTargetDependency */ = {
			isa = PBXTargetDependency;
			target = 5E45C98023601BBB000F9C5A /* ghactions-test */;
			targetProxy = 5E45C99623601BBC000F9C5A /* PBXContainerItemProxy */;
		};
		5E45C9A223601BBC000F9C5A /* PBXTargetDependency */ = {
			isa = PBXTargetDependency;
			target = 5E45C98023601BBB000F9C5A /* ghactions-test */;
			targetProxy = 5E45C9A123601BBC000F9C5A /* PBXContainerItemProxy */;
		};
/* End PBXTargetDependency section */

/* Begin PBXVariantGroup section */
		5E45C98823601BBB000F9C5A /* Main.storyboard */ = {
			isa = PBXVariantGroup;
			children = (
				5E45C98923601BBB000F9C5A /* Base */,
			);
			name = Main.storyboard;
			sourceTree = "<group>";
		};
		5E45C98D23601BBC000F9C5A /* LaunchScreen.storyboard */ = {
			isa = PBXVariantGroup;
			children = (
				5E45C98E23601BBC000F9C5A /* Base */,
			);
			name = LaunchScreen.storyboard;
			sourceTree = "<group>";
		};
/* End PBXVariantGroup section */

/* Begin XCBuildConfiguration section */
		5E45C9A723601BBC000F9C5A /* Debug */ = {
			isa = XCBuildConfiguration;
			buildSettings = {
				ALWAYS_SEARCH_USER_PATHS = NO;
				CLANG_ANALYZER_NONNULL = YES;
				CLANG_ANALYZER_NUMBER_OBJECT_CONVERSION = YES_AGGRESSIVE;
				CLANG_CXX_LANGUAGE_STANDARD = "gnu++14";
				CLANG_CXX_LIBRARY = "libc++";
				CLANG_ENABLE_MODULES = YES;
				CLANG_ENABLE_OBJC_ARC = YES;
				CLANG_ENABLE_OBJC_WEAK = YES;
				CLANG_WARN_BLOCK_CAPTURE_AUTORELEASING = YES;
				CLANG_WARN_BOOL_CONVERSION = YES;
				CLANG_WARN_COMMA = YES;
				CLANG_WARN_CONSTANT_CONVERSION = YES;
				CLANG_WARN_DEPRECATED_OBJC_IMPLEMENTATIONS = YES;
				CLANG_WARN_DIRECT_OBJC_ISA_USAGE = YES_ERROR;
				CLANG_WARN_DOCUMENTATION_COMMENTS = YES;
				CLANG_WARN_EMPTY_BODY = YES;
				CLANG_WARN_ENUM_CONVERSION = YES;
				CLANG_WARN_INFINITE_RECURSION = YES;
				CLANG_WARN_INT_CONVERSION = YES;
				CLANG_WARN_NON_LITERAL_NULL_CONVERSION = YES;
				CLANG_WARN_OBJC_IMPLICIT_RETAIN_SELF = YES;
				CLANG_WARN_OBJC_LITERAL_CONVERSION = YES;
				CLANG_WARN_OBJC_ROOT_CLASS = YES_ERROR;
				CLANG_WARN_RANGE_LOOP_ANALYSIS = YES;
				CLANG_WARN_STRICT_PROTOTYPES = YES;
				CLANG_WARN_SUSPICIOUS_MOVE = YES;
				CLANG_WARN_UNGUARDED_AVAILABILITY = YES_AGGRESSIVE;
				CLANG_WARN_UNREACHABLE_CODE = YES;
				CLANG_WARN__DUPLICATE_METHOD_MATCH = YES;
				CODE_SIGN_IDENTITY = "iPhone Developer";
				COPY_PHASE_STRIP = NO;
				DEBUG_INFORMATION_FORMAT = dwarf;
				ENABLE_STRICT_OBJC_MSGSEND = YES;
				ENABLE_TESTABILITY = YES;
				GCC_C_LANGUAGE_STANDARD = gnu11;
				GCC_DYNAMIC_NO_PIC = NO;
				GCC_NO_COMMON_BLOCKS = YES;
				GCC_OPTIMIZATION_LEVEL = 0;
				GCC_PREPROCESSOR_DEFINITIONS = (
					"DEBUG=1",
					"$(inherited)",
				);
				GCC_WARN_64_TO_32_BIT_CONVERSION = YES;
				GCC_WARN_ABOUT_RETURN_TYPE = YES_ERROR;
				GCC_WARN_UNDECLARED_SELECTOR = YES;
				GCC_WARN_UNINITIALIZED_AUTOS = YES_AGGRESSIVE;
				GCC_WARN_UNUSED_FUNCTION = YES;
				GCC_WARN_UNUSED_VARIABLE = YES;
				IPHONEOS_DEPLOYMENT_TARGET = 12.1;
				MTL_ENABLE_DEBUG_INFO = INCLUDE_SOURCE;
				MTL_FAST_MATH = YES;
				ONLY_ACTIVE_ARCH = YES;
				SDKROOT = iphoneos;
				SWIFT_ACTIVE_COMPILATION_CONDITIONS = DEBUG;
				SWIFT_OPTIMIZATION_LEVEL = "-Onone";
			};
			name = Debug;
		};
		5E45C9A823601BBC000F9C5A /* Release */ = {
			isa = XCBuildConfiguration;
			buildSettings = {
				ALWAYS_SEARCH_USER_PATHS = NO;
				CLANG_ANALYZER_NONNULL = YES;
				CLANG_ANALYZER_NUMBER_OBJECT_CONVERSION = YES_AGGRESSIVE;
				CLANG_CXX_LANGUAGE_STANDARD = "gnu++14";
				CLANG_CXX_LIBRARY = "libc++";
				CLANG_ENABLE_MODULES = YES;
				CLANG_ENABLE_OBJC_ARC = YES;
				CLANG_ENABLE_OBJC_WEAK = YES;
				CLANG_WARN_BLOCK_CAPTURE_AUTORELEASING = YES;
				CLANG_WARN_BOOL_CONVERSION = YES;
				CLANG_WARN_COMMA = YES;
				CLANG_WARN_CONSTANT_CONVERSION = YES;
				CLANG_WARN_DEPRECATED_OBJC_IMPLEMENTATIONS = YES;
				CLANG_WARN_DIRECT_OBJC_ISA_USAGE = YES_ERROR;
				CLANG_WARN_DOCUMENTATION_COMMENTS = YES;
				CLANG_WARN_EMPTY_BODY = YES;
				CLANG_WARN_ENUM_CONVERSION = YES;
				CLANG_WARN_INFINITE_RECURSION = YES;
				CLANG_WARN_INT_CONVERSION = YES;
				CLANG_WARN_NON_LITERAL_NULL_CONVERSION = YES;
				CLANG_WARN_OBJC_IMPLICIT_RETAIN_SELF = YES;
				CLANG_WARN_OBJC_LITERAL_CONVERSION = YES;
				CLANG_WARN_OBJC_ROOT_CLASS = YES_ERROR;
				CLANG_WARN_RANGE_LOOP_ANALYSIS = YES;
				CLANG_WARN_STRICT_PROTOTYPES = YES;
				CLANG_WARN_SUSPICIOUS_MOVE = YES;
				CLANG_WARN_UNGUARDED_AVAILABILITY = YES_AGGRESSIVE;
				CLANG_WARN_UNREACHABLE_CODE = YES;
				CLANG_WARN__DUPLICATE_METHOD_MATCH = YES;
				CODE_SIGN_IDENTITY = "iPhone Distribution";
				COPY_PHASE_STRIP = NO;
				DEBUG_INFORMATION_FORMAT = "dwarf-with-dsym";
				ENABLE_NS_ASSERTIONS = NO;
				ENABLE_STRICT_OBJC_MSGSEND = YES;
				GCC_C_LANGUAGE_STANDARD = gnu11;
				GCC_NO_COMMON_BLOCKS = YES;
				GCC_WARN_64_TO_32_BIT_CONVERSION = YES;
				GCC_WARN_ABOUT_RETURN_TYPE = YES_ERROR;
				GCC_WARN_UNDECLARED_SELECTOR = YES;
				GCC_WARN_UNINITIALIZED_AUTOS = YES_AGGRESSIVE;
				GCC_WARN_UNUSED_FUNCTION = YES;
				GCC_WARN_UNUSED_VARIABLE = YES;
				IPHONEOS_DEPLOYMENT_TARGET = 12.1;
				MTL_ENABLE_DEBUG_INFO = NO;
				MTL_FAST_MATH = YES;
				SDKROOT = iphoneos;
				SWIFT_COMPILATION_MODE = wholemodule;
				SWIFT_OPTIMIZATION_LEVEL = "-O";
				VALIDATE_PRODUCT = YES;
			};
			name = Release;
		};
		5E45C9AA23601BBC000F9C5A /* Debug */ = {
			isa = XCBuildConfiguration;
			buildSettings = {
				ASSETCATALOG_COMPILER_APPICON_NAME = AppIcon;
				CODE_SIGN_STYLE = Automatic;
				DEVELOPMENT_TEAM = WGGM6GT2W6;
				INFOPLIST_FILE = "ghactions-test/Info.plist";
				LD_RUNPATH_SEARCH_PATHS = (
					"$(inherited)",
					"@executable_path/Frameworks",
				);
				PRODUCT_BUNDLE_IDENTIFIER = "net.krtx.ghactions-test";
				PRODUCT_NAME = "$(TARGET_NAME)";
				SWIFT_VERSION = 4.2;
				TARGETED_DEVICE_FAMILY = "1,2";
			};
			name = Debug;
		};
		5E45C9AB23601BBC000F9C5A /* Release */ = {
			isa = XCBuildConfiguration;
			buildSettings = {
				ASSETCATALOG_COMPILER_APPICON_NAME = AppIcon;
				CODE_SIGN_STYLE = Automatic;
				DEVELOPMENT_TEAM = WGGM6GT2W6;
				INFOPLIST_FILE = "ghactions-test/Info.plist";
				LD_RUNPATH_SEARCH_PATHS = (
					"$(inherited)",
					"@executable_path/Frameworks",
				);
				PRODUCT_BUNDLE_IDENTIFIER = "net.krtx.ghactions-test";
				PRODUCT_NAME = "$(TARGET_NAME)";
				SWIFT_VERSION = 4.2;
				TARGETED_DEVICE_FAMILY = "1,2";
			};
			name = Release;
		};
		5E45C9AD23601BBC000F9C5A /* Debug */ = {
			isa = XCBuildConfiguration;
			buildSettings = {
				ALWAYS_EMBED_SWIFT_STANDARD_LIBRARIES = YES;
				BUNDLE_LOADER = "$(TEST_HOST)";
				CODE_SIGN_STYLE = Automatic;
				DEVELOPMENT_TEAM = WGGM6GT2W6;
				INFOPLIST_FILE = "ghactions-testTests/Info.plist";
				LD_RUNPATH_SEARCH_PATHS = (
					"$(inherited)",
					"@executable_path/Frameworks",
					"@loader_path/Frameworks",
				);
				PRODUCT_BUNDLE_IDENTIFIER = "net.krtx.ghactions-testTests";
				PRODUCT_NAME = "$(TARGET_NAME)";
				SWIFT_VERSION = 4.2;
				TARGETED_DEVICE_FAMILY = "1,2";
				TEST_HOST = "$(BUILT_PRODUCTS_DIR)/ghactions-test.app/ghactions-test";
			};
			name = Debug;
		};
		5E45C9AE23601BBC000F9C5A /* Release */ = {
			isa = XCBuildConfiguration;
			buildSettings = {
				ALWAYS_EMBED_SWIFT_STANDARD_LIBRARIES = YES;
				BUNDLE_LOADER = "$(TEST_HOST)";
				CODE_SIGN_STYLE = Automatic;
				DEVELOPMENT_TEAM = WGGM6GT2W6;
				INFOPLIST_FILE = "ghactions-testTests/Info.plist";
				LD_RUNPATH_SEARCH_PATHS = (
					"$(inherited)",
					"@executable_path/Frameworks",
					"@loader_path/Frameworks",
				);
				PRODUCT_BUNDLE_IDENTIFIER = "net.krtx.ghactions-testTests";
				PRODUCT_NAME = "$(TARGET_NAME)";
				SWIFT_VERSION = 4.2;
				TARGETED_DEVICE_FAMILY = "1,2";
				TEST_HOST = "$(BUILT_PRODUCTS_DIR)/ghactions-test.app/ghactions-test";
			};
			name = Release;
		};
		5E45C9B023601BBC000F9C5A /* Debug */ = {
			isa = XCBuildConfiguration;
			buildSettings = {
				ALWAYS_EMBED_SWIFT_STANDARD_LIBRARIES = YES;
				CODE_SIGN_STYLE = Automatic;
				DEVELOPMENT_TEAM = WGGM6GT2W6;
				INFOPLIST_FILE = "ghactions-testUITests/Info.plist";
				LD_RUNPATH_SEARCH_PATHS = (
					"$(inherited)",
					"@executable_path/Frameworks",
					"@loader_path/Frameworks",
				);
				PRODUCT_BUNDLE_IDENTIFIER = "net.krtx.ghactions-testUITests";
				PRODUCT_NAME = "$(TARGET_NAME)";
				SWIFT_VERSION = 4.2;
				TARGETED_DEVICE_FAMILY = "1,2";
				TEST_TARGET_NAME = "ghactions-test";
			};
			name = Debug;
		};
		5E45C9B123601BBC000F9C5A /* Release */ = {
			isa = XCBuildConfiguration;
			buildSettings = {
				ALWAYS_EMBED_SWIFT_STANDARD_LIBRARIES = YES;
				CODE_SIGN_STYLE = Automatic;
				DEVELOPMENT_TEAM = WGGM6GT2W6;
				INFOPLIST_FILE = "ghactions-testUITests/Info.plist";
				LD_RUNPATH_SEARCH_PATHS = (
					"$(inherited)",
					"@executable_path/Frameworks",
					"@loader_path/Frameworks",
				);
				PRODUCT_BUNDLE_IDENTIFIER = "net.krtx.ghactions-testUITests";
				PRODUCT_NAME = "$(TARGET_NAME)";
				SWIFT_VERSION = 4.2;
				TARGETED_DEVICE_FAMILY = "1,2";
				TEST_TARGET_NAME = "ghactions-test";
			};
			name = Release;
		};
/* End XCBuildConfiguration section */

/* Begin XCConfigurationList section */
		5E45C97C23601BBB000F9C5A /* Build configuration list for PBXProject "ghactions-test" */ = {
			isa = XCConfigurationList;
			buildConfigurations = (
				5E45C9A723601BBC000F9C5A /* Debug */,
				5E45C9A823601BBC000F9C5A /* Release */,
			);
			defaultConfigurationIsVisible = 0;
			defaultConfigurationName = Release;
		};
		5E45C9A923601BBC000F9C5A /* Build configuration list for PBXNativeTarget "ghactions-test" */ = {
			isa = XCConfigurationList;
			buildConfigurations = (
				5E45C9AA23601BBC000F9C5A /* Debug */,
				5E45C9AB23601BBC000F9C5A /* Release */,
			);
			defaultConfigurationIsVisible = 0;
			defaultConfigurationName = Release;
		};
		5E45C9AC23601BBC000F9C5A /* Build configuration list for PBXNativeTarget "ghactions-testTests" */ = {
			isa = XCConfigurationList;
			buildConfigurations = (
				5E45C9AD23601BBC000F9C5A /* Debug */,
				5E45C9AE23601BBC000F9C5A /* Release */,
			);
			defaultConfigurationIsVisible = 0;
			defaultConfigurationName = Release;
		};
		5E45C9AF23601BBC000F9C5A /* Build configuration list for PBXNativeTarget "ghactions-testUITests" */ = {
			isa = XCConfigurationList;
			buildConfigurations = (
				5E45C9B023601BBC000F9C5A /* Debug */,
				5E45C9B123601BBC000F9C5A /* Release */,
			);
			defaultConfigurationIsVisible = 0;
			defaultConfigurationName = Release;
		};
/* End XCConfigurationList section */
	};
	rootObject = 5E45C97923601BBB000F9C5A /* Project object */;
}
